
Microsoft Visual Studio Solution File, Format Version 12.00
# Visual Studio Version 16
VisualStudioVersion = 16.0.31402.337
MinimumVisualStudioVersion = 10.0.40219.1
Project("{FAE04EC0-301F-11D3-BF4B-00C04F79EFBC}") = "NutriE-commerce", "NutriE-commerce\NutriE-commerce.csproj", "{D9E211B2-30CA-4CBC-AC30-D265A51C0462}"
EndProject
Global
	GlobalSection(SolutionConfigurationPlatforms) = preSolution
		Debug|Any CPU = Debug|Any CPU
		Release|Any CPU = Release|Any CPU
	EndGlobalSection
	GlobalSection(ProjectConfigurationPlatforms) = postSolution
		{D9E211B2-30CA-4CBC-AC30-D265A51C0462}.Debug|Any CPU.ActiveCfg = Debug|Any CPU
		{D9E211B2-30CA-4CBC-AC30-D265A51C0462}.Debug|Any CPU.Build.0 = Debug|Any CPU
		{D9E211B2-30CA-4CBC-AC30-D265A51C0462}.Release|Any CPU.ActiveCfg = Release|Any CPU
		{D9E211B2-30CA-4CBC-AC30-D265A51C0462}.Release|Any CPU.Build.0 = Release|Any CPU
	EndGlobalSection
	GlobalSection(SolutionProperties) = preSolution
		HideSolutionNode = FALSE
	EndGlobalSection
	GlobalSection(ExtensibilityGlobals) = postSolution
		SolutionGuid = {7EC47B92-62E5-4042-958D-31398E82E2C1}
	EndGlobalSection
EndGlobal
